
Microsoft Visual Studio Solution File, Format Version 12.00
# Visual Studio 15
VisualStudioVersion = 15.0.28307.421
MinimumVisualStudioVersion = 10.0.40219.1
Project("{FAE04EC0-301F-11D3-BF4B-00C04F79EFBC}") = "fogLampConfigurationTool", "fogLampConfigurationTool\fogLampConfigurationTool.csproj", "{8FB70022-5973-4133-B42E-8EC93335AF59}"
EndProject
Global
	GlobalSection(SolutionConfigurationPlatforms) = preSolution
		Debug|Any CPU = Debug|Any CPU
		Release|Any CPU = Release|Any CPU
	EndGlobalSection
	GlobalSection(ProjectConfigurationPlatforms) = postSolution
		{8FB70022-5973-4133-B42E-8EC93335AF59}.Debug|Any CPU.ActiveCfg = Debug|Any CPU
		{8FB70022-5973-4133-B42E-8EC93335AF59}.Debug|Any CPU.Build.0 = Debug|Any CPU
		{8FB70022-5973-4133-B42E-8EC93335AF59}.Release|Any CPU.ActiveCfg = Release|Any CPU
		{8FB70022-5973-4133-B42E-8EC93335AF59}.Release|Any CPU.Build.0 = Release|Any CPU
	EndGlobalSection
	GlobalSection(SolutionProperties) = preSolution
		HideSolutionNode = FALSE
	EndGlobalSection
	GlobalSection(ExtensibilityGlobals) = postSolution
		SolutionGuid = {234C4FF0-D8CF-492C-AB67-46D5C77D8D54}
	EndGlobalSection
EndGlobal
